
Microsoft Visual Studio Solution File, Format Version 12.00
# Visual Studio Version 17
VisualStudioVersion = 17.0.31912.275
MinimumVisualStudioVersion = 10.0.40219.1
Project("{FAE04EC0-301F-11D3-BF4B-00C04F79EFBC}") = "Kanban.Presentation", "Kanban.Presentation\Kanban.Presentation.csproj", "{9AD6F783-8699-42CE-9A01-83D2B0F1B6A4}"
EndProject
Project("{FAE04EC0-301F-11D3-BF4B-00C04F79EFBC}") = "Kanban.Core", "Kanban.Core\Kanban.Core.csproj", "{9B28D58A-6454-4EDC-BC2E-C55B854C728B}"
EndProject
Project("{FAE04EC0-301F-11D3-BF4B-00C04F79EFBC}") = "Kanban,DataAccess", "Kanban,DataAccess\Kanban,DataAccess.csproj", "{3F4424ED-7A31-49A4-B2CD-D02EB54EBF76}"
EndProject
Project("{FAE04EC0-301F-11D3-BF4B-00C04F79EFBC}") = "Kanban.Service", "Kanban.Service\Kanban.Service.csproj", "{490CAE27-26F7-4C1B-9767-EEE8EF38C7D0}"
EndProject
Global
	GlobalSection(SolutionConfigurationPlatforms) = preSolution
		Debug|Any CPU = Debug|Any CPU
		Release|Any CPU = Release|Any CPU
	EndGlobalSection
	GlobalSection(ProjectConfigurationPlatforms) = postSolution
		{9AD6F783-8699-42CE-9A01-83D2B0F1B6A4}.Debug|Any CPU.ActiveCfg = Debug|Any CPU
		{9AD6F783-8699-42CE-9A01-83D2B0F1B6A4}.Debug|Any CPU.Build.0 = Debug|Any CPU
		{9AD6F783-8699-42CE-9A01-83D2B0F1B6A4}.Release|Any CPU.ActiveCfg = Release|Any CPU
		{9AD6F783-8699-42CE-9A01-83D2B0F1B6A4}.Release|Any CPU.Build.0 = Release|Any CPU
		{9B28D58A-6454-4EDC-BC2E-C55B854C728B}.Debug|Any CPU.ActiveCfg = Debug|Any CPU
		{9B28D58A-6454-4EDC-BC2E-C55B854C728B}.Debug|Any CPU.Build.0 = Debug|Any CPU
		{9B28D58A-6454-4EDC-BC2E-C55B854C728B}.Release|Any CPU.ActiveCfg = Release|Any CPU
		{9B28D58A-6454-4EDC-BC2E-C55B854C728B}.Release|Any CPU.Build.0 = Release|Any CPU
		{3F4424ED-7A31-49A4-B2CD-D02EB54EBF76}.Debug|Any CPU.ActiveCfg = Debug|Any CPU
		{3F4424ED-7A31-49A4-B2CD-D02EB54EBF76}.Debug|Any CPU.Build.0 = Debug|Any CPU
		{3F4424ED-7A31-49A4-B2CD-D02EB54EBF76}.Release|Any CPU.ActiveCfg = Release|Any CPU
		{3F4424ED-7A31-49A4-B2CD-D02EB54EBF76}.Release|Any CPU.Build.0 = Release|Any CPU
		{490CAE27-26F7-4C1B-9767-EEE8EF38C7D0}.Debug|Any CPU.ActiveCfg = Debug|Any CPU
		{490CAE27-26F7-4C1B-9767-EEE8EF38C7D0}.Debug|Any CPU.Build.0 = Debug|Any CPU
		{490CAE27-26F7-4C1B-9767-EEE8EF38C7D0}.Release|Any CPU.ActiveCfg = Release|Any CPU
		{490CAE27-26F7-4C1B-9767-EEE8EF38C7D0}.Release|Any CPU.Build.0 = Release|Any CPU
	EndGlobalSection
	GlobalSection(SolutionProperties) = preSolution
		HideSolutionNode = FALSE
	EndGlobalSection
	GlobalSection(ExtensibilityGlobals) = postSolution
		SolutionGuid = {1DECB033-3440-4BCB-9A1E-A4D64B0D8A62}
	EndGlobalSection
EndGlobal
